{
  "name": "@bit/orcid.angular.is-this-you",
  "version": "0.0.5",
  "lockfileVersion": 1,
  "requires": true,
  "dependencies": {
    "@angular/animations": {
      "version": "8.2.4",
      "resolved": "https://registry.npmjs.org/@angular/animations/-/animations-8.2.4.tgz",
      "integrity": "sha512-EHTvA5ugoFiYVwi9SyozJORWcBhUIn06VbNa2uhQQdOUrsbvKBCF0PpH2nZZJz7wsQ6Pyonizee8vgea8/X59Q==",
      "requires": {
        "tslib": "^1.9.0"
      }
    },
    "@angular/cdk": {
      "version": "8.1.4",
      "resolved": "https://registry.npmjs.org/@angular/cdk/-/cdk-8.1.4.tgz",
      "integrity": "sha512-U0tjhAZM4qqUHGGKIKFZZ9d8929s2U/HO0FdoT/eX+oHPOA6mm3bBep7myrSzlkP9V7O1JJfYdhEgijXhYxprQ==",
      "requires": {
        "parse5": "^5.0.0",
        "tslib": "^1.7.1"
      }
    },
    "@angular/common": {
      "version": "8.2.14",
      "resolved": "https://registry.npmjs.org/@angular/common/-/common-8.2.14.tgz",
      "integrity": "sha512-Qmt+aX2quUW54kaNT7QH7WGXnFxr/cC2C6sf5SW5SdkZfDQSiz8IaItvieZfXVQUbBOQKFRJ7TlSkt0jI/yjvw==",
      "requires": {
        "tslib": "^1.9.0"
      }
    },
    "@angular/core": {
      "version": "8.2.14",
      "resolved": "https://registry.npmjs.org/@angular/core/-/core-8.2.14.tgz",
      "integrity": "sha512-zeePkigi+hPh3rN7yoNENG/YUBUsIvUXdxx+AZq+QPaFeKEA2FBSrKn36ojHFrdJUjKzl0lPMEiGC2b6a6bo6g==",
      "requires": {
        "tslib": "^1.9.0"
      }
    },
    "@angular/forms": {
      "version": "8.2.4",
      "resolved": "https://registry.npmjs.org/@angular/forms/-/forms-8.2.4.tgz",
      "integrity": "sha512-TsaMrfy/Ls9kpxxlkqaPSQCL3DWqIzh3fMd0aGXTjcsEFI3gztttAmE/dlU0dtVsQxD0M9cdqjjPqi0TGamfTw==",
      "requires": {
        "tslib": "^1.9.0"
      }
    },
    "@angular/material": {
      "version": "8.2.3",
      "resolved": "https://registry.npmjs.org/@angular/material/-/material-8.2.3.tgz",
      "integrity": "sha512-SOczkIaqes+r+9XF/UUiokidfFKBpHkOPIaFK857sFD0FBNPvPEpOr5oHKCG3feERRwAFqHS7Wo2ohVEWypb5A==",
      "requires": {
        "tslib": "^1.7.1"
      }
    },
    "@bit/orcid.angular.orcid-theme": {
      "version": "0.0.8",
      "resolved": "https://node.bit.dev/orcid.angular.orcid-theme/-/orcid.angular.orcid-theme-0.0.8.tgz",
      "integrity": "sha1-CbAre1HsjwtIB3P+y6wHtt7x2B4=",
      "requires": {
        "@angular/animations": "8.2.4",
        "@angular/cdk": "8.1.4",
        "@angular/common": "8.2.4",
        "@angular/core": "8.2.4",
        "@angular/forms": "8.2.4",
        "@angular/material": "^8.1.4"
      },
      "dependencies": {
        "@angular/common": {
          "version": "8.2.4",
          "resolved": "https://registry.npmjs.org/@angular/common/-/common-8.2.4.tgz",
          "integrity": "sha512-sPeTkor3uf8T3MvpekS0ZQe9K/yzlHBSoMyT0bIPOYeDTHUph3f/0XyYhH7KSGXLo7tSw1Mx9Ua05nQ+VHtLGQ==",
          "requires": {
            "tslib": "^1.9.0"
          }
        },
        "@angular/core": {
          "version": "8.2.4",
          "resolved": "https://registry.npmjs.org/@angular/core/-/core-8.2.4.tgz",
          "integrity": "sha512-8FSdkUSb5S4+K2w49iLzrQF/jzcmoRnOogFZQ8CctiXQHSVHHF8AjpoFpFVUAI6/77UVL8CehlyBSKF5EE1Z8A==",
          "requires": {
            "tslib": "^1.9.0"
          }
        }
      }
    },
    "@bit/orcid.angular.platform-info": {
      "version": "file:../platform-info",
      "requires": {
        "@angular/cdk": "^8.1.4",
        "@angular/common": "^8.2.4",
        "@angular/core": "^8.2.4",
        "rxjs": "~6.5.2"
      }
    },
    "parse5": {
      "version": "5.1.1",
      "resolved": "https://registry.npmjs.org/parse5/-/parse5-5.1.1.tgz",
      "integrity": "sha512-ugq4DFI0Ptb+WWjAdOK16+u/nHfiIrcE+sh8kZMaM0WllQKLI9rOUq6c2b7cwPkXdzfQESqvoqK6ug7U/Yyzug==",
      "optional": true
    },
    "tslib": {
      "version": "1.10.0",
      "resolved": "https://registry.npmjs.org/tslib/-/tslib-1.10.0.tgz",
      "integrity": "sha512-qOebF53frne81cf0S9B41ByenJ3/IuH8yJKngAX35CmiZySA0khhkovshKK+jGCaMnVomla7gVlIcc3EvKPbTQ=="
    }
  }
}
